# THIS IS AN AUTOGENERATED FILE. DO NOT EDIT THIS FILE DIRECTLY.
# yarn lockfile v1


"@zeit/ncc@0.1.18":
  version "0.1.18"
  resolved "https://registry.yarnpkg.com/@zeit/ncc/-/ncc-0.1.18.tgz#5c8e5be91a9a0c7215f5ce0c983a9d52a42dc899"
  integrity sha512-ymWv9m/E22loFWXV+7MY/fxREbD3J3ksxqJCkAQ1Po4tJTt/lx7zGRnVxvILWs7T/K2OEj7v7x704zBnOSDnUQ==

node-fetch@2.3.0:
  version "2.3.0"
  resolved "https://registry.yarnpkg.com/node-fetch/-/node-fetch-2.3.0.tgz#1a1d940bbfb916a1d3e0219f037e89e71f8c5fa5"
  integrity sha512-MOd8pV3fxENbryESLgVIeaGKrdl+uaYhCSSVkjeOb/31/njTpcis5aWfdqgNlHIrKOLRbMnfPINPOML2CIFeXA==
